// !$*UTF8*$!
{
	archiveVersion = 1;
	classes = {
	};
	objectVersion = 51;
	objects = {

/* Begin PBXBuildFile section */
		00D2BEB0D6AD0E8ACF6C8FDC /* Pods_MommyTalk.framework in Frameworks */ = {isa = PBXBuildFile; fileRef = 9915BC6C7C87EB1ED472F12E /* Pods_MommyTalk.framework */; };
		1B4C342924EDFB2800ADCDC8 /* AppEnvironmentObject.swift in Sources */ = {isa = PBXBuildFile; fileRef = 1B4C342824EDFB2800ADCDC8 /* AppEnvironmentObject.swift */; };
		1B6B641824EB483900F7505E /* AppDelegate.swift in Sources */ = {isa = PBXBuildFile; fileRef = 1B6B641724EB483900F7505E /* AppDelegate.swift */; };
		1B6B641A24EB483900F7505E /* SceneDelegate.swift in Sources */ = {isa = PBXBuildFile; fileRef = 1B6B641924EB483900F7505E /* SceneDelegate.swift */; };
		1B6B641D24EB483900F7505E /* MommyTalk.xcdatamodeld in Sources */ = {isa = PBXBuildFile; fileRef = 1B6B641B24EB483900F7505E /* MommyTalk.xcdatamodeld */; };
		1B6B641F24EB483900F7505E /* ContentView.swift in Sources */ = {isa = PBXBuildFile; fileRef = 1B6B641E24EB483900F7505E /* ContentView.swift */; };
		1B6B642124EB483B00F7505E /* Assets.xcassets in Resources */ = {isa = PBXBuildFile; fileRef = 1B6B642024EB483B00F7505E /* Assets.xcassets */; };
		1B6B642424EB483B00F7505E /* Preview Assets.xcassets in Resources */ = {isa = PBXBuildFile; fileRef = 1B6B642324EB483B00F7505E /* Preview Assets.xcassets */; };
		1B6B642724EB483B00F7505E /* LaunchScreen.storyboard in Resources */ = {isa = PBXBuildFile; fileRef = 1B6B642524EB483B00F7505E /* LaunchScreen.storyboard */; };
		1B6B643224EB483B00F7505E /* MommyTalkTests.swift in Sources */ = {isa = PBXBuildFile; fileRef = 1B6B643124EB483B00F7505E /* MommyTalkTests.swift */; };
		1B6B643D24EB483B00F7505E /* MommyTalkUITests.swift in Sources */ = {isa = PBXBuildFile; fileRef = 1B6B643C24EB483B00F7505E /* MommyTalkUITests.swift */; };
		1B6B644C24EB521B00F7505E /* InitialConfirmView.swift in Sources */ = {isa = PBXBuildFile; fileRef = 1B6B644B24EB521B00F7505E /* InitialConfirmView.swift */; };
		1B6B644E24EB6B3200F7505E /* InitialViewModel.swift in Sources */ = {isa = PBXBuildFile; fileRef = 1B6B644D24EB6B3200F7505E /* InitialViewModel.swift */; };
		1B6B645124EB71ED00F7505E /* Model.swift in Sources */ = {isa = PBXBuildFile; fileRef = 1B6B645024EB71ED00F7505E /* Model.swift */; };
		1B6B645324EBA7C600F7505E /* SubContent280DaysView.swift in Sources */ = {isa = PBXBuildFile; fileRef = 1B6B645224EBA7C600F7505E /* SubContent280DaysView.swift */; };
		1B6B645524EBA7F400F7505E /* SubContentSuperSonicWaveView.swift in Sources */ = {isa = PBXBuildFile; fileRef = 1B6B645424EBA7F400F7505E /* SubContentSuperSonicWaveView.swift */; };
		1B6B645724EBA81200F7505E /* SubContentCommunityView.swift in Sources */ = {isa = PBXBuildFile; fileRef = 1B6B645624EBA81200F7505E /* SubContentCommunityView.swift */; };
		1B6B645924EBA81F00F7505E /* SubContentShoppingView.swift in Sources */ = {isa = PBXBuildFile; fileRef = 1B6B645824EBA81F00F7505E /* SubContentShoppingView.swift */; };
		1B6B645B24EBA82B00F7505E /* SubContentMyInfoView.swift in Sources */ = {isa = PBXBuildFile; fileRef = 1B6B645A24EBA82B00F7505E /* SubContentMyInfoView.swift */; };
		87A7AA76FA643D9F1B78E9D5 /* Pods_MommyTalk_MommyTalkUITests.framework in Frameworks */ = {isa = PBXBuildFile; fileRef = EB6D0910A6C03AC93612CF31 /* Pods_MommyTalk_MommyTalkUITests.framework */; };
		CAE85F8CB6323B79133C1BC4 /* Pods_MommyTalkTests.framework in Frameworks */ = {isa = PBXBuildFile; fileRef = 82F1F712EA31D864AE64F430 /* Pods_MommyTalkTests.framework */; };
/* End PBXBuildFile section */

/* Begin PBXContainerItemProxy section */
		1B6B642E24EB483B00F7505E /* PBXContainerItemProxy */ = {
			isa = PBXContainerItemProxy;
			containerPortal = 1B6B640C24EB483900F7505E /* Project object */;
			proxyType = 1;
			remoteGlobalIDString = 1B6B641324EB483900F7505E;
			remoteInfo = MommyTalk;
		};
		1B6B643924EB483B00F7505E /* PBXContainerItemProxy */ = {
			isa = PBXContainerItemProxy;
			containerPortal = 1B6B640C24EB483900F7505E /* Project object */;
			proxyType = 1;
			remoteGlobalIDString = 1B6B641324EB483900F7505E;
			remoteInfo = MommyTalk;
		};
/* End PBXContainerItemProxy section */

/* Begin PBXFileReference section */
		15A3C45AD41E3BE2C8F7CAC8 /* Pods-MommyTalkTests.debug.xcconfig */ = {isa = PBXFileReference; includeInIndex = 1; lastKnownFileType = text.xcconfig; name = "Pods-MommyTalkTests.debug.xcconfig"; path = "Target Support Files/Pods-MommyTalkTests/Pods-MommyTalkTests.debug.xcconfig"; sourceTree = "<group>"; };
		1B4C342824EDFB2800ADCDC8 /* AppEnvironmentObject.swift */ = {isa = PBXFileReference; lastKnownFileType = sourcecode.swift; path = AppEnvironmentObject.swift; sourceTree = "<group>"; };
		1B6B641424EB483900F7505E /* MommyTalk.app */ = {isa = PBXFileReference; explicitFileType = wrapper.application; includeInIndex = 0; path = MommyTalk.app; sourceTree = BUILT_PRODUCTS_DIR; };
		1B6B641724EB483900F7505E /* AppDelegate.swift */ = {isa = PBXFileReference; lastKnownFileType = sourcecode.swift; path = AppDelegate.swift; sourceTree = "<group>"; };
		1B6B641924EB483900F7505E /* SceneDelegate.swift */ = {isa = PBXFileReference; lastKnownFileType = sourcecode.swift; path = SceneDelegate.swift; sourceTree = "<group>"; };
		1B6B641C24EB483900F7505E /* MommyTalk.xcdatamodel */ = {isa = PBXFileReference; lastKnownFileType = wrapper.xcdatamodel; path = MommyTalk.xcdatamodel; sourceTree = "<group>"; };
		1B6B641E24EB483900F7505E /* ContentView.swift */ = {isa = PBXFileReference; lastKnownFileType = sourcecode.swift; path = ContentView.swift; sourceTree = "<group>"; };
		1B6B642024EB483B00F7505E /* Assets.xcassets */ = {isa = PBXFileReference; lastKnownFileType = folder.assetcatalog; path = Assets.xcassets; sourceTree = "<group>"; };
		1B6B642324EB483B00F7505E /* Preview Assets.xcassets */ = {isa = PBXFileReference; lastKnownFileType = folder.assetcatalog; path = "Preview Assets.xcassets"; sourceTree = "<group>"; };
		1B6B642624EB483B00F7505E /* Base */ = {isa = PBXFileReference; lastKnownFileType = file.storyboard; name = Base; path = Base.lproj/LaunchScreen.storyboard; sourceTree = "<group>"; };
		1B6B642824EB483B00F7505E /* Info.plist */ = {isa = PBXFileReference; lastKnownFileType = text.plist.xml; path = Info.plist; sourceTree = "<group>"; };
		1B6B642D24EB483B00F7505E /* MommyTalkTests.xctest */ = {isa = PBXFileReference; explicitFileType = wrapper.cfbundle; includeInIndex = 0; path = MommyTalkTests.xctest; sourceTree = BUILT_PRODUCTS_DIR; };
		1B6B643124EB483B00F7505E /* MommyTalkTests.swift */ = {isa = PBXFileReference; lastKnownFileType = sourcecode.swift; path = MommyTalkTests.swift; sourceTree = "<group>"; };
		1B6B643324EB483B00F7505E /* Info.plist */ = {isa = PBXFileReference; lastKnownFileType = text.plist.xml; path = Info.plist; sourceTree = "<group>"; };
		1B6B643824EB483B00F7505E /* MommyTalkUITests.xctest */ = {isa = PBXFileReference; explicitFileType = wrapper.cfbundle; includeInIndex = 0; path = MommyTalkUITests.xctest; sourceTree = BUILT_PRODUCTS_DIR; };
		1B6B643C24EB483B00F7505E /* MommyTalkUITests.swift */ = {isa = PBXFileReference; lastKnownFileType = sourcecode.swift; path = MommyTalkUITests.swift; sourceTree = "<group>"; };
		1B6B643E24EB483B00F7505E /* Info.plist */ = {isa = PBXFileReference; lastKnownFileType = text.plist.xml; path = Info.plist; sourceTree = "<group>"; };
		1B6B644B24EB521B00F7505E /* InitialConfirmView.swift */ = {isa = PBXFileReference; lastKnownFileType = sourcecode.swift; path = InitialConfirmView.swift; sourceTree = "<group>"; };
		1B6B644D24EB6B3200F7505E /* InitialViewModel.swift */ = {isa = PBXFileReference; lastKnownFileType = sourcecode.swift; path = InitialViewModel.swift; sourceTree = "<group>"; };
		1B6B645024EB71ED00F7505E /* Model.swift */ = {isa = PBXFileReference; lastKnownFileType = sourcecode.swift; path = Model.swift; sourceTree = "<group>"; };
		1B6B645224EBA7C600F7505E /* SubContent280DaysView.swift */ = {isa = PBXFileReference; lastKnownFileType = sourcecode.swift; path = SubContent280DaysView.swift; sourceTree = "<group>"; };
		1B6B645424EBA7F400F7505E /* SubContentSuperSonicWaveView.swift */ = {isa = PBXFileReference; lastKnownFileType = sourcecode.swift; path = SubContentSuperSonicWaveView.swift; sourceTree = "<group>"; };
		1B6B645624EBA81200F7505E /* SubContentCommunityView.swift */ = {isa = PBXFileReference; lastKnownFileType = sourcecode.swift; path = SubContentCommunityView.swift; sourceTree = "<group>"; };
		1B6B645824EBA81F00F7505E /* SubContentShoppingView.swift */ = {isa = PBXFileReference; lastKnownFileType = sourcecode.swift; path = SubContentShoppingView.swift; sourceTree = "<group>"; };
		1B6B645A24EBA82B00F7505E /* SubContentMyInfoView.swift */ = {isa = PBXFileReference; lastKnownFileType = sourcecode.swift; path = SubContentMyInfoView.swift; sourceTree = "<group>"; };
		333A2DB7566D18E72E2E59B0 /* Pods-MommyTalk.debug.xcconfig */ = {isa = PBXFileReference; includeInIndex = 1; lastKnownFileType = text.xcconfig; name = "Pods-MommyTalk.debug.xcconfig"; path = "Target Support Files/Pods-MommyTalk/Pods-MommyTalk.debug.xcconfig"; sourceTree = "<group>"; };
		59521D46985CFD760910ED4C /* Pods-MommyTalk-MommyTalkUITests.release.xcconfig */ = {isa = PBXFileReference; includeInIndex = 1; lastKnownFileType = text.xcconfig; name = "Pods-MommyTalk-MommyTalkUITests.release.xcconfig"; path = "Target Support Files/Pods-MommyTalk-MommyTalkUITests/Pods-MommyTalk-MommyTalkUITests.release.xcconfig"; sourceTree = "<group>"; };
		7406723B26A15D5C32B95A04 /* Pods-MommyTalk.release.xcconfig */ = {isa = PBXFileReference; includeInIndex = 1; lastKnownFileType = text.xcconfig; name = "Pods-MommyTalk.release.xcconfig"; path = "Target Support Files/Pods-MommyTalk/Pods-MommyTalk.release.xcconfig"; sourceTree = "<group>"; };
		82F1F712EA31D864AE64F430 /* Pods_MommyTalkTests.framework */ = {isa = PBXFileReference; explicitFileType = wrapper.framework; includeInIndex = 0; path = Pods_MommyTalkTests.framework; sourceTree = BUILT_PRODUCTS_DIR; };
		8B04BE796D9434E56B7BAEAD /* Pods-MommyTalk-MommyTalkUITests.debug.xcconfig */ = {isa = PBXFileReference; includeInIndex = 1; lastKnownFileType = text.xcconfig; name = "Pods-MommyTalk-MommyTalkUITests.debug.xcconfig"; path = "Target Support Files/Pods-MommyTalk-MommyTalkUITests/Pods-MommyTalk-MommyTalkUITests.debug.xcconfig"; sourceTree = "<group>"; };
		9915BC6C7C87EB1ED472F12E /* Pods_MommyTalk.framework */ = {isa = PBXFileReference; explicitFileType = wrapper.framework; includeInIndex = 0; path = Pods_MommyTalk.framework; sourceTree = BUILT_PRODUCTS_DIR; };
		EB6D0910A6C03AC93612CF31 /* Pods_MommyTalk_MommyTalkUITests.framework */ = {isa = PBXFileReference; explicitFileType = wrapper.framework; includeInIndex = 0; path = Pods_MommyTalk_MommyTalkUITests.framework; sourceTree = BUILT_PRODUCTS_DIR; };
		F4368F7C78A82FE1E03309A4 /* Pods-MommyTalkTests.release.xcconfig */ = {isa = PBXFileReference; includeInIndex = 1; lastKnownFileType = text.xcconfig; name = "Pods-MommyTalkTests.release.xcconfig"; path = "Target Support Files/Pods-MommyTalkTests/Pods-MommyTalkTests.release.xcconfig"; sourceTree = "<group>"; };
/* End PBXFileReference section */

/* Begin PBXFrameworksBuildPhase section */
		1B6B641124EB483900F7505E /* Frameworks */ = {
			isa = PBXFrameworksBuildPhase;
			buildActionMask = 2147483647;
			files = (
				00D2BEB0D6AD0E8ACF6C8FDC /* Pods_MommyTalk.framework in Frameworks */,
			);
			runOnlyForDeploymentPostprocessing = 0;
		};
		1B6B642A24EB483B00F7505E /* Frameworks */ = {
			isa = PBXFrameworksBuildPhase;
			buildActionMask = 2147483647;
			files = (
				CAE85F8CB6323B79133C1BC4 /* Pods_MommyTalkTests.framework in Frameworks */,
			);
			runOnlyForDeploymentPostprocessing = 0;
		};
		1B6B643524EB483B00F7505E /* Frameworks */ = {
			isa = PBXFrameworksBuildPhase;
			buildActionMask = 2147483647;
			files = (
				87A7AA76FA643D9F1B78E9D5 /* Pods_MommyTalk_MommyTalkUITests.framework in Frameworks */,
			);
			runOnlyForDeploymentPostprocessing = 0;
		};
/* End PBXFrameworksBuildPhase section */

/* Begin PBXGroup section */
		1B6B640B24EB483900F7505E = {
			isa = PBXGroup;
			children = (
				1B6B641624EB483900F7505E /* MommyTalk */,
				1B6B643024EB483B00F7505E /* MommyTalkTests */,
				1B6B643B24EB483B00F7505E /* MommyTalkUITests */,
				1B6B641524EB483900F7505E /* Products */,
				46EBC3238F94BBAC0CFA07AD /* Pods */,
				CE551C843CBD4D3F90580E6F /* Frameworks */,
			);
			sourceTree = "<group>";
		};
		1B6B641524EB483900F7505E /* Products */ = {
			isa = PBXGroup;
			children = (
				1B6B641424EB483900F7505E /* MommyTalk.app */,
				1B6B642D24EB483B00F7505E /* MommyTalkTests.xctest */,
				1B6B643824EB483B00F7505E /* MommyTalkUITests.xctest */,
			);
			name = Products;
			sourceTree = "<group>";
		};
		1B6B641624EB483900F7505E /* MommyTalk */ = {
			isa = PBXGroup;
			children = (
				1B6B641724EB483900F7505E /* AppDelegate.swift */,
				1B6B641924EB483900F7505E /* SceneDelegate.swift */,
				1B6B645024EB71ED00F7505E /* Model.swift */,
				1B4C342824EDFB2800ADCDC8 /* AppEnvironmentObject.swift */,
				1B6B644F24EB6B3600F7505E /* ViewModel */,
				1B6B644A24EB48FA00F7505E /* View */,
				1B6B642024EB483B00F7505E /* Assets.xcassets */,
				1B6B642524EB483B00F7505E /* LaunchScreen.storyboard */,
				1B6B642824EB483B00F7505E /* Info.plist */,
				1B6B641B24EB483900F7505E /* MommyTalk.xcdatamodeld */,
				1B6B642224EB483B00F7505E /* Preview Content */,
			);
			path = MommyTalk;
			sourceTree = "<group>";
		};
		1B6B642224EB483B00F7505E /* Preview Content */ = {
			isa = PBXGroup;
			children = (
				1B6B642324EB483B00F7505E /* Preview Assets.xcassets */,
			);
			path = "Preview Content";
			sourceTree = "<group>";
		};
		1B6B643024EB483B00F7505E /* MommyTalkTests */ = {
			isa = PBXGroup;
			children = (
				1B6B643124EB483B00F7505E /* MommyTalkTests.swift */,
				1B6B643324EB483B00F7505E /* Info.plist */,
			);
			path = MommyTalkTests;
			sourceTree = "<group>";
		};
		1B6B643B24EB483B00F7505E /* MommyTalkUITests */ = {
			isa = PBXGroup;
			children = (
				1B6B643C24EB483B00F7505E /* MommyTalkUITests.swift */,
				1B6B643E24EB483B00F7505E /* Info.plist */,
			);
			path = MommyTalkUITests;
			sourceTree = "<group>";
		};
		1B6B644A24EB48FA00F7505E /* View */ = {
			isa = PBXGroup;
			children = (
				1B6B644B24EB521B00F7505E /* InitialConfirmView.swift */,
				1B6B641E24EB483900F7505E /* ContentView.swift */,
				1B6B645224EBA7C600F7505E /* SubContent280DaysView.swift */,
				1B6B645424EBA7F400F7505E /* SubContentSuperSonicWaveView.swift */,
				1B6B645624EBA81200F7505E /* SubContentCommunityView.swift */,
				1B6B645824EBA81F00F7505E /* SubContentShoppingView.swift */,
				1B6B645A24EBA82B00F7505E /* SubContentMyInfoView.swift */,
			);
			path = View;
			sourceTree = "<group>";
		};
		1B6B644F24EB6B3600F7505E /* ViewModel */ = {
			isa = PBXGroup;
			children = (
				1B6B644D24EB6B3200F7505E /* InitialViewModel.swift */,
			);
			path = ViewModel;
			sourceTree = "<group>";
		};
		46EBC3238F94BBAC0CFA07AD /* Pods */ = {
			isa = PBXGroup;
			children = (
				333A2DB7566D18E72E2E59B0 /* Pods-MommyTalk.debug.xcconfig */,
				7406723B26A15D5C32B95A04 /* Pods-MommyTalk.release.xcconfig */,
				8B04BE796D9434E56B7BAEAD /* Pods-MommyTalk-MommyTalkUITests.debug.xcconfig */,
				59521D46985CFD760910ED4C /* Pods-MommyTalk-MommyTalkUITests.release.xcconfig */,
				15A3C45AD41E3BE2C8F7CAC8 /* Pods-MommyTalkTests.debug.xcconfig */,
				F4368F7C78A82FE1E03309A4 /* Pods-MommyTalkTests.release.xcconfig */,
			);
			path = Pods;
			sourceTree = "<group>";
		};
		CE551C843CBD4D3F90580E6F /* Frameworks */ = {
			isa = PBXGroup;
			children = (
				9915BC6C7C87EB1ED472F12E /* Pods_MommyTalk.framework */,
				EB6D0910A6C03AC93612CF31 /* Pods_MommyTalk_MommyTalkUITests.framework */,
				82F1F712EA31D864AE64F430 /* Pods_MommyTalkTests.framework */,
			);
			name = Frameworks;
			sourceTree = "<group>";
		};
/* End PBXGroup section */

/* Begin PBXNativeTarget section */
		1B6B641324EB483900F7505E /* MommyTalk */ = {
			isa = PBXNativeTarget;
			buildConfigurationList = 1B6B644124EB483B00F7505E /* Build configuration list for PBXNativeTarget "MommyTalk" */;
			buildPhases = (
				0A99BF02EAAA65E122484CB8 /* [CP] Check Pods Manifest.lock */,
				1B6B641024EB483900F7505E /* Sources */,
				1B6B641124EB483900F7505E /* Frameworks */,
				1B6B641224EB483900F7505E /* Resources */,
				3598EBD3B9431847AC1D8F72 /* [CP] Embed Pods Frameworks */,
			);
			buildRules = (
			);
			dependencies = (
			);
			name = MommyTalk;
			productName = MommyTalk;
			productReference = 1B6B641424EB483900F7505E /* MommyTalk.app */;
			productType = "com.apple.product-type.application";
		};
		1B6B642C24EB483B00F7505E /* MommyTalkTests */ = {
			isa = PBXNativeTarget;
			buildConfigurationList = 1B6B644424EB483B00F7505E /* Build configuration list for PBXNativeTarget "MommyTalkTests" */;
			buildPhases = (
				2FDF0D517B902B3AAE5A1C95 /* [CP] Check Pods Manifest.lock */,
				1B6B642924EB483B00F7505E /* Sources */,
				1B6B642A24EB483B00F7505E /* Frameworks */,
				1B6B642B24EB483B00F7505E /* Resources */,
			);
			buildRules = (
			);
			dependencies = (
				1B6B642F24EB483B00F7505E /* PBXTargetDependency */,
			);
			name = MommyTalkTests;
			productName = MommyTalkTests;
			productReference = 1B6B642D24EB483B00F7505E /* MommyTalkTests.xctest */;
			productType = "com.apple.product-type.bundle.unit-test";
		};
		1B6B643724EB483B00F7505E /* MommyTalkUITests */ = {
			isa = PBXNativeTarget;
			buildConfigurationList = 1B6B644724EB483B00F7505E /* Build configuration list for PBXNativeTarget "MommyTalkUITests" */;
			buildPhases = (
				69958689B09CC5E12285FB09 /* [CP] Check Pods Manifest.lock */,
				1B6B643424EB483B00F7505E /* Sources */,
				1B6B643524EB483B00F7505E /* Frameworks */,
				1B6B643624EB483B00F7505E /* Resources */,
				6FA4F7E7B955D895833887CA /* [CP] Embed Pods Frameworks */,
			);
			buildRules = (
			);
			dependencies = (
				1B6B643A24EB483B00F7505E /* PBXTargetDependency */,
			);
			name = MommyTalkUITests;
			productName = MommyTalkUITests;
			productReference = 1B6B643824EB483B00F7505E /* MommyTalkUITests.xctest */;
			productType = "com.apple.product-type.bundle.ui-testing";
		};
/* End PBXNativeTarget section */

/* Begin PBXProject section */
		1B6B640C24EB483900F7505E /* Project object */ = {
			isa = PBXProject;
			attributes = {
				LastSwiftUpdateCheck = 1160;
				LastUpgradeCheck = 1160;
				ORGANIZATIONNAME = "Sanghwi Back";
				TargetAttributes = {
					1B6B641324EB483900F7505E = {
						CreatedOnToolsVersion = 11.6;
					};
					1B6B642C24EB483B00F7505E = {
						CreatedOnToolsVersion = 11.6;
						TestTargetID = 1B6B641324EB483900F7505E;
					};
					1B6B643724EB483B00F7505E = {
						CreatedOnToolsVersion = 11.6;
						TestTargetID = 1B6B641324EB483900F7505E;
					};
				};
			};
			buildConfigurationList = 1B6B640F24EB483900F7505E /* Build configuration list for PBXProject "MommyTalk" */;
			compatibilityVersion = "Xcode 9.3";
			developmentRegion = en;
			hasScannedForEncodings = 0;
			knownRegions = (
				en,
				Base,
			);
			mainGroup = 1B6B640B24EB483900F7505E;
			productRefGroup = 1B6B641524EB483900F7505E /* Products */;
			projectDirPath = "";
			projectRoot = "";
			targets = (
				1B6B641324EB483900F7505E /* MommyTalk */,
				1B6B642C24EB483B00F7505E /* MommyTalkTests */,
				1B6B643724EB483B00F7505E /* MommyTalkUITests */,
			);
		};
/* End PBXProject section */

/* Begin PBXResourcesBuildPhase section */
		1B6B641224EB483900F7505E /* Resources */ = {
			isa = PBXResourcesBuildPhase;
			buildActionMask = 2147483647;
			files = (
				1B6B642724EB483B00F7505E /* LaunchScreen.storyboard in Resources */,
				1B6B642424EB483B00F7505E /* Preview Assets.xcassets in Resources */,
				1B6B642124EB483B00F7505E /* Assets.xcassets in Resources */,
			);
			runOnlyForDeploymentPostprocessing = 0;
		};
		1B6B642B24EB483B00F7505E /* Resources */ = {
			isa = PBXResourcesBuildPhase;
			buildActionMask = 2147483647;
			files = (
			);
			runOnlyForDeploymentPostprocessing = 0;
		};
		1B6B643624EB483B00F7505E /* Resources */ = {
			isa = PBXResourcesBuildPhase;
			buildActionMask = 2147483647;
			files = (
			);
			runOnlyForDeploymentPostprocessing = 0;
		};
/* End PBXResourcesBuildPhase section */

/* Begin PBXShellScriptBuildPhase section */
		0A99BF02EAAA65E122484CB8 /* [CP] Check Pods Manifest.lock */ = {
			isa = PBXShellScriptBuildPhase;
			buildActionMask = 2147483647;
			files = (
			);
			inputFileListPaths = (
			);
			inputPaths = (
				"${PODS_PODFILE_DIR_PATH}/Podfile.lock",
				"${PODS_ROOT}/Manifest.lock",
			);
			name = "[CP] Check Pods Manifest.lock";
			outputFileListPaths = (
			);
			outputPaths = (
				"$(DERIVED_FILE_DIR)/Pods-MommyTalk-checkManifestLockResult.txt",
			);
			runOnlyForDeploymentPostprocessing = 0;
			shellPath = /bin/sh;
			shellScript = "diff \"${PODS_PODFILE_DIR_PATH}/Podfile.lock\" \"${PODS_ROOT}/Manifest.lock\" > /dev/null\nif [ $? != 0 ] ; then\n    # print error to STDERR\n    echo \"error: The sandbox is not in sync with the Podfile.lock. Run 'pod install' or update your CocoaPods installation.\" >&2\n    exit 1\nfi\n# This output is used by Xcode 'outputs' to avoid re-running this script phase.\necho \"SUCCESS\" > \"${SCRIPT_OUTPUT_FILE_0}\"\n";
			showEnvVarsInLog = 0;
		};
		2FDF0D517B902B3AAE5A1C95 /* [CP] Check Pods Manifest.lock */ = {
			isa = PBXShellScriptBuildPhase;
			buildActionMask = 2147483647;
			files = (
			);
			inputFileListPaths = (
			);
			inputPaths = (
				"${PODS_PODFILE_DIR_PATH}/Podfile.lock",
				"${PODS_ROOT}/Manifest.lock",
			);
			name = "[CP] Check Pods Manifest.lock";
			outputFileListPaths = (
			);
			outputPaths = (
				"$(DERIVED_FILE_DIR)/Pods-MommyTalkTests-checkManifestLockResult.txt",
			);
			runOnlyForDeploymentPostprocessing = 0;
			shellPath = /bin/sh;
			shellScript = "diff \"${PODS_PODFILE_DIR_PATH}/Podfile.lock\" \"${PODS_ROOT}/Manifest.lock\" > /dev/null\nif [ $? != 0 ] ; then\n    # print error to STDERR\n    echo \"error: The sandbox is not in sync with the Podfile.lock. Run 'pod install' or update your CocoaPods installation.\" >&2\n    exit 1\nfi\n# This output is used by Xcode 'outputs' to avoid re-running this script phase.\necho \"SUCCESS\" > \"${SCRIPT_OUTPUT_FILE_0}\"\n";
			showEnvVarsInLog = 0;
		};
		3598EBD3B9431847AC1D8F72 /* [CP] Embed Pods Frameworks */ = {
			isa = PBXShellScriptBuildPhase;
			buildActionMask = 2147483647;
			files = (
			);
			inputFileListPaths = (
				"${PODS_ROOT}/Target Support Files/Pods-MommyTalk/Pods-MommyTalk-frameworks-${CONFIGURATION}-input-files.xcfilelist",
			);
			name = "[CP] Embed Pods Frameworks";
			outputFileListPaths = (
				"${PODS_ROOT}/Target Support Files/Pods-MommyTalk/Pods-MommyTalk-frameworks-${CONFIGURATION}-output-files.xcfilelist",
			);
			runOnlyForDeploymentPostprocessing = 0;
			shellPath = /bin/sh;
			shellScript = "\"${PODS_ROOT}/Target Support Files/Pods-MommyTalk/Pods-MommyTalk-frameworks.sh\"\n";
			showEnvVarsInLog = 0;
		};
		69958689B09CC5E12285FB09 /* [CP] Check Pods Manifest.lock */ = {
			isa = PBXShellScriptBuildPhase;
			buildActionMask = 2147483647;
			files = (
			);
			inputFileListPaths = (
			);
			inputPaths = (
				"${PODS_PODFILE_DIR_PATH}/Podfile.lock",
				"${PODS_ROOT}/Manifest.lock",
			);
			name = "[CP] Check Pods Manifest.lock";
			outputFileListPaths = (
			);
			outputPaths = (
				"$(DERIVED_FILE_DIR)/Pods-MommyTalk-MommyTalkUITests-checkManifestLockResult.txt",
			);
			runOnlyForDeploymentPostprocessing = 0;
			shellPath = /bin/sh;
			shellScript = "diff \"${PODS_PODFILE_DIR_PATH}/Podfile.lock\" \"${PODS_ROOT}/Manifest.lock\" > /dev/null\nif [ $? != 0 ] ; then\n    # print error to STDERR\n    echo \"error: The sandbox is not in sync with the Podfile.lock. Run 'pod install' or update your CocoaPods installation.\" >&2\n    exit 1\nfi\n# This output is used by Xcode 'outputs' to avoid re-running this script phase.\necho \"SUCCESS\" > \"${SCRIPT_OUTPUT_FILE_0}\"\n";
			showEnvVarsInLog = 0;
		};
		6FA4F7E7B955D895833887CA /* [CP] Embed Pods Frameworks */ = {
			isa = PBXShellScriptBuildPhase;
			buildActionMask = 2147483647;
			files = (
			);
			inputFileListPaths = (
				"${PODS_ROOT}/Target Support Files/Pods-MommyTalk-MommyTalkUITests/Pods-MommyTalk-MommyTalkUITests-frameworks-${CONFIGURATION}-input-files.xcfilelist",
			);
			name = "[CP] Embed Pods Frameworks";
			outputFileListPaths = (
				"${PODS_ROOT}/Target Support Files/Pods-MommyTalk-MommyTalkUITests/Pods-MommyTalk-MommyTalkUITests-frameworks-${CONFIGURATION}-output-files.xcfilelist",
			);
			runOnlyForDeploymentPostprocessing = 0;
			shellPath = /bin/sh;
			shellScript = "\"${PODS_ROOT}/Target Support Files/Pods-MommyTalk-MommyTalkUITests/Pods-MommyTalk-MommyTalkUITests-frameworks.sh\"\n";
			showEnvVarsInLog = 0;
		};
/* End PBXShellScriptBuildPhase section */

/* Begin PBXSourcesBuildPhase section */
		1B6B641024EB483900F7505E /* Sources */ = {
			isa = PBXSourcesBuildPhase;
			buildActionMask = 2147483647;
			files = (
				1B6B645124EB71ED00F7505E /* Model.swift in Sources */,
				1B6B645924EBA81F00F7505E /* SubContentShoppingView.swift in Sources */,
				1B6B645524EBA7F400F7505E /* SubContentSuperSonicWaveView.swift in Sources */,
				1B6B645324EBA7C600F7505E /* SubContent280DaysView.swift in Sources */,
				1B6B641824EB483900F7505E /* AppDelegate.swift in Sources */,
				1B4C342924EDFB2800ADCDC8 /* AppEnvironmentObject.swift in Sources */,
				1B6B641A24EB483900F7505E /* SceneDelegate.swift in Sources */,
				1B6B644C24EB521B00F7505E /* InitialConfirmView.swift in Sources */,
				1B6B641F24EB483900F7505E /* ContentView.swift in Sources */,
				1B6B645724EBA81200F7505E /* SubContentCommunityView.swift in Sources */,
				1B6B641D24EB483900F7505E /* MommyTalk.xcdatamodeld in Sources */,
				1B6B644E24EB6B3200F7505E /* InitialViewModel.swift in Sources */,
				1B6B645B24EBA82B00F7505E /* SubContentMyInfoView.swift in Sources */,
			);
			runOnlyForDeploymentPostprocessing = 0;
		};
		1B6B642924EB483B00F7505E /* Sources */ = {
			isa = PBXSourcesBuildPhase;
			buildActionMask = 2147483647;
			files = (
				1B6B643224EB483B00F7505E /* MommyTalkTests.swift in Sources */,
			);
			runOnlyForDeploymentPostprocessing = 0;
		};
		1B6B643424EB483B00F7505E /* Sources */ = {
			isa = PBXSourcesBuildPhase;
			buildActionMask = 2147483647;
			files = (
				1B6B643D24EB483B00F7505E /* MommyTalkUITests.swift in Sources */,
			);
			runOnlyForDeploymentPostprocessing = 0;
		};
/* End PBXSourcesBuildPhase section */

/* Begin PBXTargetDependency section */
		1B6B642F24EB483B00F7505E /* PBXTargetDependency */ = {
			isa = PBXTargetDependency;
			target = 1B6B641324EB483900F7505E /* MommyTalk */;
			targetProxy = 1B6B642E24EB483B00F7505E /* PBXContainerItemProxy */;
		};
		1B6B643A24EB483B00F7505E /* PBXTargetDependency */ = {
			isa = PBXTargetDependency;
			target = 1B6B641324EB483900F7505E /* MommyTalk */;
			targetProxy = 1B6B643924EB483B00F7505E /* PBXContainerItemProxy */;
		};
/* End PBXTargetDependency section */

/* Begin PBXVariantGroup section */
		1B6B642524EB483B00F7505E /* LaunchScreen.storyboard */ = {
			isa = PBXVariantGroup;
			children = (
				1B6B642624EB483B00F7505E /* Base */,
			);
			name = LaunchScreen.storyboard;
			sourceTree = "<group>";
		};
/* End PBXVariantGroup section */

/* Begin XCBuildConfiguration section */
		1B6B643F24EB483B00F7505E /* Debug */ = {
			isa = XCBuildConfiguration;
			buildSettings = {
				ALWAYS_SEARCH_USER_PATHS = NO;
				CLANG_ANALYZER_NONNULL = YES;
				CLANG_ANALYZER_NUMBER_OBJECT_CONVERSION = YES_AGGRESSIVE;
				CLANG_CXX_LANGUAGE_STANDARD = "gnu++14";
				CLANG_CXX_LIBRARY = "libc++";
				CLANG_ENABLE_MODULES = YES;
				CLANG_ENABLE_OBJC_ARC = YES;
				CLANG_ENABLE_OBJC_WEAK = YES;
				CLANG_WARN_BLOCK_CAPTURE_AUTORELEASING = YES;
				CLANG_WARN_BOOL_CONVERSION = YES;
				CLANG_WARN_COMMA = YES;
				CLANG_WARN_CONSTANT_CONVERSION = YES;
				CLANG_WARN_DEPRECATED_OBJC_IMPLEMENTATIONS = YES;
				CLANG_WARN_DIRECT_OBJC_ISA_USAGE = YES_ERROR;
				CLANG_WARN_DOCUMENTATION_COMMENTS = YES;
				CLANG_WARN_EMPTY_BODY = YES;
				CLANG_WARN_ENUM_CONVERSION = YES;
				CLANG_WARN_INFINITE_RECURSION = YES;
				CLANG_WARN_INT_CONVERSION = YES;
				CLANG_WARN_NON_LITERAL_NULL_CONVERSION = YES;
				CLANG_WARN_OBJC_IMPLICIT_RETAIN_SELF = YES;
				CLANG_WARN_OBJC_LITERAL_CONVERSION = YES;
				CLANG_WARN_OBJC_ROOT_CLASS = YES_ERROR;
				CLANG_WARN_RANGE_LOOP_ANALYSIS = YES;
				CLANG_WARN_STRICT_PROTOTYPES = YES;
				CLANG_WARN_SUSPICIOUS_MOVE = YES;
				CLANG_WARN_UNGUARDED_AVAILABILITY = YES_AGGRESSIVE;
				CLANG_WARN_UNREACHABLE_CODE = YES;
				CLANG_WARN__DUPLICATE_METHOD_MATCH = YES;
				COPY_PHASE_STRIP = NO;
				DEBUG_INFORMATION_FORMAT = dwarf;
				ENABLE_STRICT_OBJC_MSGSEND = YES;
				ENABLE_TESTABILITY = YES;
				GCC_C_LANGUAGE_STANDARD = gnu11;
				GCC_DYNAMIC_NO_PIC = NO;
				GCC_NO_COMMON_BLOCKS = YES;
				GCC_OPTIMIZATION_LEVEL = 0;
				GCC_PREPROCESSOR_DEFINITIONS = (
					"DEBUG=1",
					"$(inherited)",
				);
				GCC_WARN_64_TO_32_BIT_CONVERSION = YES;
				GCC_WARN_ABOUT_RETURN_TYPE = YES_ERROR;
				GCC_WARN_UNDECLARED_SELECTOR = YES;
				GCC_WARN_UNINITIALIZED_AUTOS = YES_AGGRESSIVE;
				GCC_WARN_UNUSED_FUNCTION = YES;
				GCC_WARN_UNUSED_VARIABLE = YES;
				IPHONEOS_DEPLOYMENT_TARGET = 13.6;
				MTL_ENABLE_DEBUG_INFO = INCLUDE_SOURCE;
				MTL_FAST_MATH = YES;
				ONLY_ACTIVE_ARCH = YES;
				SDKROOT = iphoneos;
				SWIFT_ACTIVE_COMPILATION_CONDITIONS = DEBUG;
				SWIFT_OPTIMIZATION_LEVEL = "-Onone";
			};
			name = Debug;
		};
		1B6B644024EB483B00F7505E /* Release */ = {
			isa = XCBuildConfiguration;
			buildSettings = {
				ALWAYS_SEARCH_USER_PATHS = NO;
				CLANG_ANALYZER_NONNULL = YES;
				CLANG_ANALYZER_NUMBER_OBJECT_CONVERSION = YES_AGGRESSIVE;
				CLANG_CXX_LANGUAGE_STANDARD = "gnu++14";
				CLANG_CXX_LIBRARY = "libc++";
				CLANG_ENABLE_MODULES = YES;
				CLANG_ENABLE_OBJC_ARC = YES;
				CLANG_ENABLE_OBJC_WEAK = YES;
				CLANG_WARN_BLOCK_CAPTURE_AUTORELEASING = YES;
				CLANG_WARN_BOOL_CONVERSION = YES;
				CLANG_WARN_COMMA = YES;
				CLANG_WARN_CONSTANT_CONVERSION = YES;
				CLANG_WARN_DEPRECATED_OBJC_IMPLEMENTATIONS = YES;
				CLANG_WARN_DIRECT_OBJC_ISA_USAGE = YES_ERROR;
				CLANG_WARN_DOCUMENTATION_COMMENTS = YES;
				CLANG_WARN_EMPTY_BODY = YES;
				CLANG_WARN_ENUM_CONVERSION = YES;
				CLANG_WARN_INFINITE_RECURSION = YES;
				CLANG_WARN_INT_CONVERSION = YES;
				CLANG_WARN_NON_LITERAL_NULL_CONVERSION = YES;
				CLANG_WARN_OBJC_IMPLICIT_RETAIN_SELF = YES;
				CLANG_WARN_OBJC_LITERAL_CONVERSION = YES;
				CLANG_WARN_OBJC_ROOT_CLASS = YES_ERROR;
				CLANG_WARN_RANGE_LOOP_ANALYSIS = YES;
				CLANG_WARN_STRICT_PROTOTYPES = YES;
				CLANG_WARN_SUSPICIOUS_MOVE = YES;
				CLANG_WARN_UNGUARDED_AVAILABILITY = YES_AGGRESSIVE;
				CLANG_WARN_UNREACHABLE_CODE = YES;
				CLANG_WARN__DUPLICATE_METHOD_MATCH = YES;
				COPY_PHASE_STRIP = NO;
				DEBUG_INFORMATION_FORMAT = "dwarf-with-dsym";
				ENABLE_NS_ASSERTIONS = NO;
				ENABLE_STRICT_OBJC_MSGSEND = YES;
				GCC_C_LANGUAGE_STANDARD = gnu11;
				GCC_NO_COMMON_BLOCKS = YES;
				GCC_WARN_64_TO_32_BIT_CONVERSION = YES;
				GCC_WARN_ABOUT_RETURN_TYPE = YES_ERROR;
				GCC_WARN_UNDECLARED_SELECTOR = YES;
				GCC_WARN_UNINITIALIZED_AUTOS = YES_AGGRESSIVE;
				GCC_WARN_UNUSED_FUNCTION = YES;
				GCC_WARN_UNUSED_VARIABLE = YES;
				IPHONEOS_DEPLOYMENT_TARGET = 13.6;
				MTL_ENABLE_DEBUG_INFO = NO;
				MTL_FAST_MATH = YES;
				SDKROOT = iphoneos;
				SWIFT_COMPILATION_MODE = wholemodule;
				SWIFT_OPTIMIZATION_LEVEL = "-O";
				VALIDATE_PRODUCT = YES;
			};
			name = Release;
		};
		1B6B644224EB483B00F7505E /* Debug */ = {
			isa = XCBuildConfiguration;
			baseConfigurationReference = 333A2DB7566D18E72E2E59B0 /* Pods-MommyTalk.debug.xcconfig */;
			buildSettings = {
				ASSETCATALOG_COMPILER_APPICON_NAME = AppIcon;
				CODE_SIGN_STYLE = Automatic;
				DEVELOPMENT_ASSET_PATHS = "\"MommyTalk/Preview Content\"";
				DEVELOPMENT_TEAM = L3ZPWB4HNK;
				ENABLE_PREVIEWS = YES;
				INFOPLIST_FILE = MommyTalk/Info.plist;
				LD_RUNPATH_SEARCH_PATHS = (
					"$(inherited)",
					"@executable_path/Frameworks",
				);
				PRODUCT_BUNDLE_IDENTIFIER = com.sanghwi.MommyTalk;
				PRODUCT_NAME = "$(TARGET_NAME)";
				SWIFT_VERSION = 5.0;
				TARGETED_DEVICE_FAMILY = "1,2";
			};
			name = Debug;
		};
		1B6B644324EB483B00F7505E /* Release */ = {
			isa = XCBuildConfiguration;
			baseConfigurationReference = 7406723B26A15D5C32B95A04 /* Pods-MommyTalk.release.xcconfig */;
			buildSettings = {
				ASSETCATALOG_COMPILER_APPICON_NAME = AppIcon;
				CODE_SIGN_STYLE = Automatic;
				DEVELOPMENT_ASSET_PATHS = "\"MommyTalk/Preview Content\"";
				DEVELOPMENT_TEAM = L3ZPWB4HNK;
				ENABLE_PREVIEWS = YES;
				INFOPLIST_FILE = MommyTalk/Info.plist;
				LD_RUNPATH_SEARCH_PATHS = (
					"$(inherited)",
					"@executable_path/Frameworks",
				);
				PRODUCT_BUNDLE_IDENTIFIER = com.sanghwi.MommyTalk;
				PRODUCT_NAME = "$(TARGET_NAME)";
				SWIFT_VERSION = 5.0;
				TARGETED_DEVICE_FAMILY = "1,2";
			};
			name = Release;
		};
		1B6B644524EB483B00F7505E /* Debug */ = {
			isa = XCBuildConfiguration;
			baseConfigurationReference = 15A3C45AD41E3BE2C8F7CAC8 /* Pods-MommyTalkTests.debug.xcconfig */;
			buildSettings = {
				ALWAYS_EMBED_SWIFT_STANDARD_LIBRARIES = YES;
				BUNDLE_LOADER = "$(TEST_HOST)";
				CODE_SIGN_STYLE = Automatic;
				DEVELOPMENT_TEAM = L3ZPWB4HNK;
				INFOPLIST_FILE = MommyTalkTests/Info.plist;
				IPHONEOS_DEPLOYMENT_TARGET = 13.6;
				LD_RUNPATH_SEARCH_PATHS = (
					"$(inherited)",
					"@executable_path/Frameworks",
					"@loader_path/Frameworks",
				);
				PRODUCT_BUNDLE_IDENTIFIER = com.sanghwi.MommyTalkTests;
				PRODUCT_NAME = "$(TARGET_NAME)";
				SWIFT_VERSION = 5.0;
				TARGETED_DEVICE_FAMILY = "1,2";
				TEST_HOST = "$(BUILT_PRODUCTS_DIR)/MommyTalk.app/MommyTalk";
			};
			name = Debug;
		};
		1B6B644624EB483B00F7505E /* Release */ = {
			isa = XCBuildConfiguration;
			baseConfigurationReference = F4368F7C78A82FE1E03309A4 /* Pods-MommyTalkTests.release.xcconfig */;
			buildSettings = {
				ALWAYS_EMBED_SWIFT_STANDARD_LIBRARIES = YES;
				BUNDLE_LOADER = "$(TEST_HOST)";
				CODE_SIGN_STYLE = Automatic;
				DEVELOPMENT_TEAM = L3ZPWB4HNK;
				INFOPLIST_FILE = MommyTalkTests/Info.plist;
				IPHONEOS_DEPLOYMENT_TARGET = 13.6;
				LD_RUNPATH_SEARCH_PATHS = (
					"$(inherited)",
					"@executable_path/Frameworks",
					"@loader_path/Frameworks",
				);
				PRODUCT_BUNDLE_IDENTIFIER = com.sanghwi.MommyTalkTests;
				PRODUCT_NAME = "$(TARGET_NAME)";
				SWIFT_VERSION = 5.0;
				TARGETED_DEVICE_FAMILY = "1,2";
				TEST_HOST = "$(BUILT_PRODUCTS_DIR)/MommyTalk.app/MommyTalk";
			};
			name = Release;
		};
		1B6B644824EB483B00F7505E /* Debug */ = {
			isa = XCBuildConfiguration;
			baseConfigurationReference = 8B04BE796D9434E56B7BAEAD /* Pods-MommyTalk-MommyTalkUITests.debug.xcconfig */;
			buildSettings = {
				ALWAYS_EMBED_SWIFT_STANDARD_LIBRARIES = YES;
				CODE_SIGN_STYLE = Automatic;
				DEVELOPMENT_TEAM = L3ZPWB4HNK;
				INFOPLIST_FILE = MommyTalkUITests/Info.plist;
				LD_RUNPATH_SEARCH_PATHS = (
					"$(inherited)",
					"@executable_path/Frameworks",
					"@loader_path/Frameworks",
				);
				PRODUCT_BUNDLE_IDENTIFIER = com.sanghwi.MommyTalkUITests;
				PRODUCT_NAME = "$(TARGET_NAME)";
				SWIFT_VERSION = 5.0;
				TARGETED_DEVICE_FAMILY = "1,2";
				TEST_TARGET_NAME = MommyTalk;
			};
			name = Debug;
		};
		1B6B644924EB483B00F7505E /* Release */ = {
			isa = XCBuildConfiguration;
			baseConfigurationReference = 59521D46985CFD760910ED4C /* Pods-MommyTalk-MommyTalkUITests.release.xcconfig */;
			buildSettings = {
				ALWAYS_EMBED_SWIFT_STANDARD_LIBRARIES = YES;
				CODE_SIGN_STYLE = Automatic;
				DEVELOPMENT_TEAM = L3ZPWB4HNK;
				INFOPLIST_FILE = MommyTalkUITests/Info.plist;
				LD_RUNPATH_SEARCH_PATHS = (
					"$(inherited)",
					"@executable_path/Frameworks",
					"@loader_path/Frameworks",
				);
				PRODUCT_BUNDLE_IDENTIFIER = com.sanghwi.MommyTalkUITests;
				PRODUCT_NAME = "$(TARGET_NAME)";
				SWIFT_VERSION = 5.0;
				TARGETED_DEVICE_FAMILY = "1,2";
				TEST_TARGET_NAME = MommyTalk;
			};
			name = Release;
		};
/* End XCBuildConfiguration section */

/* Begin XCConfigurationList section */
		1B6B640F24EB483900F7505E /* Build configuration list for PBXProject "MommyTalk" */ = {
			isa = XCConfigurationList;
			buildConfigurations = (
				1B6B643F24EB483B00F7505E /* Debug */,
				1B6B644024EB483B00F7505E /* Release */,
			);
			defaultConfigurationIsVisible = 0;
			defaultConfigurationName = Release;
		};
		1B6B644124EB483B00F7505E /* Build configuration list for PBXNativeTarget "MommyTalk" */ = {
			isa = XCConfigurationList;
			buildConfigurations = (
				1B6B644224EB483B00F7505E /* Debug */,
				1B6B644324EB483B00F7505E /* Release */,
			);
			defaultConfigurationIsVisible = 0;
			defaultConfigurationName = Release;
		};
		1B6B644424EB483B00F7505E /* Build configuration list for PBXNativeTarget "MommyTalkTests" */ = {
			isa = XCConfigurationList;
			buildConfigurations = (
				1B6B644524EB483B00F7505E /* Debug */,
				1B6B644624EB483B00F7505E /* Release */,
			);
			defaultConfigurationIsVisible = 0;
			defaultConfigurationName = Release;
		};
		1B6B644724EB483B00F7505E /* Build configuration list for PBXNativeTarget "MommyTalkUITests" */ = {
			isa = XCConfigurationList;
			buildConfigurations = (
				1B6B644824EB483B00F7505E /* Debug */,
				1B6B644924EB483B00F7505E /* Release */,
			);
			defaultConfigurationIsVisible = 0;
			defaultConfigurationName = Release;
		};
/* End XCConfigurationList section */

/* Begin XCVersionGroup section */
		1B6B641B24EB483900F7505E /* MommyTalk.xcdatamodeld */ = {
			isa = XCVersionGroup;
			children = (
				1B6B641C24EB483900F7505E /* MommyTalk.xcdatamodel */,
			);
			currentVersion = 1B6B641C24EB483900F7505E /* MommyTalk.xcdatamodel */;
			path = MommyTalk.xcdatamodeld;
			sourceTree = "<group>";
			versionGroupType = wrapper.xcdatamodel;
		};
/* End XCVersionGroup section */
	};
	rootObject = 1B6B640C24EB483900F7505E /* Project object */;
}
